<?xml version="1.0" encoding="UTF-8" standalone="yes" ?>
<CodeBlocks_project_file>
	<FileVersion major="1" minor="6" />
	<Project>
		<Option title="practica2" />
		<Option pch_mode="2" />
		<Option compiler="gcc" />
		<Build>
			<Target title="Debug">
				<Option output="bin/Debug/practica2" prefix_auto="1" extension_auto="1" />
				<Option object_output="obj/Debug/" />
				<Option type="1" />
				<Option compiler="gcc" />
				<Compiler>
					<Add option="-std=c++11" />
				</Compiler>
				<Linker>
					<Add library="lib\libglu32.a" />
					<Add library="lib\libglui.a" />
					<Add library="lib\libglut32.a" />
					<Add library="lib\libopengl32.a" />
					<Add library="lib\libopenglut.a" />
					<Add library="lib\libws2_32.a" />
					<Add library="lib\jpeg.lib" />
				</Linker>
			</Target>
			<Target title="Release">
				<Option output="bin/Release/practica2" prefix_auto="1" extension_auto="1" />
				<Option object_output="obj/Release/" />
				<Option type="1" />
				<Option compiler="gcc" />
				<Compiler>
					<Add option="-O2" />
				</Compiler>
				<Linker>
					<Add option="-s" />
				</Linker>
			</Target>
		</Build>
		<Compiler>
			<Add option="-Wall" />
			<Add option="-fexceptions" />
		</Compiler>
		<Unit filename="GUI.cpp" />
		<Unit filename="GUI.h" />
		<Unit filename="belkan.cpp" />
		<Unit filename="belkan.h" />
		<Unit filename="conexion.cpp" />
		<Unit filename="conexion.h" />
		<Unit filename="dibujosGL.cpp" />
		<Unit filename="dibujosGL.h" />
		<Unit filename="environment.cpp" />
		<Unit filename="environment.h" />
		<Unit filename="include/GL/gl.h" />
		<Unit filename="include/GL/glu.h" />
		<Unit filename="include/GL/glui.h" />
		<Unit filename="include/GL/openglut.h" />
		<Unit filename="include/GL/openglut_ext.h" />
		<Unit filename="include/GL/openglut_std.h" />
		<Unit filename="include/algebra3.cpp" />
		<Unit filename="include/algebra3.h" />
		<Unit filename="include/arcball.cpp" />
		<Unit filename="include/arcball.h" />
		<Unit filename="include/glui.cpp" />
		<Unit filename="include/glui_add_controls.cpp" />
		<Unit filename="include/glui_bitmap_img_data.cpp" />
		<Unit filename="include/glui_bitmaps.cpp" />
		<Unit filename="include/glui_button.cpp" />
		<Unit filename="include/glui_checkbox.cpp" />
		<Unit filename="include/glui_column.cpp" />
		<Unit filename="include/glui_commandline.cpp" />
		<Unit filename="include/glui_control.cpp" />
		<Unit filename="include/glui_edittext.cpp" />
		<Unit filename="include/glui_filebrowser.cpp" />
		<Unit filename="include/glui_internal.h" />
		<Unit filename="include/glui_internal_control.h" />
		<Unit filename="include/glui_list.cpp" />
		<Unit filename="include/glui_listbox.cpp" />
		<Unit filename="include/glui_mouse_iaction.cpp" />
		<Unit filename="include/glui_node.cpp" />
		<Unit filename="include/glui_panel.cpp" />
		<Unit filename="include/glui_radio.cpp" />
		<Unit filename="include/glui_rollout.cpp" />
		<Unit filename="include/glui_rotation.cpp" />
		<Unit filename="include/glui_scrollbar.cpp" />
		<Unit filename="include/glui_separator.cpp" />
		<Unit filename="include/glui_spinner.cpp" />
		<Unit filename="include/glui_statictext.cpp" />
		<Unit filename="include/glui_string.cpp" />
		<Unit filename="include/glui_textbox.cpp" />
		<Unit filename="include/glui_translation.cpp" />
		<Unit filename="include/glui_tree.cpp" />
		<Unit filename="include/glui_treepanel.cpp" />
		<Unit filename="include/glui_window.cpp" />
		<Unit filename="include/quaternion.cpp" />
		<Unit filename="include/quaternion.h" />
		<Unit filename="include/viewmodel.cpp" />
		<Unit filename="include/viewmodel.h" />
		<Unit filename="jpeg_reader/jconfig.h" />
		<Unit filename="jpeg_reader/jerror.h" />
		<Unit filename="jpeg_reader/jmorecfg.h" />
		<Unit filename="jpeg_reader/jpeglib.h" />
		<Unit filename="jpeg_reader/jpg_imagen.cpp" />
		<Unit filename="jpeg_reader/jpg_imagen.hpp" />
		<Unit filename="jpeg_reader/jpg_jinclude.h" />
		<Unit filename="jpeg_reader/jpg_memsrc.cpp" />
		<Unit filename="jpeg_reader/jpg_memsrc.hpp" />
		<Unit filename="jpeg_reader/jpg_readwrite.cpp" />
		<Unit filename="jpeg_reader/jpg_readwrite.hpp" />
		<Unit filename="luz.cpp" />
		<Unit filename="luz.hpp" />
		<Unit filename="main.cpp" />
		<Unit filename="objeto3d.cc" />
		<Unit filename="objeto3d.h" />
		<Unit filename="retrato.cpp" />
		<Unit filename="retrato.hpp" />
		<Unit filename="vertex.h" />
		<Extensions>
			<code_completion />
			<envvars />
			<debugger />
			<lib_finder disable_auto="1" />
		</Extensions>
	</Project>
</CodeBlocks_project_file>
